hash: ab9def674340662c7df07f1c23393d275b5773465ea624f1df3756f6b28bfa77
updated: 2016-04-21T16:26:44.334334897+01:00
imports:
- name: github.com/fatih/color
  version: 533cd7fd8a85905f67a1753afb4deddc85ea174f
- name: github.com/gemnasium/migrate
  version: 66bcf6a0b470c25994b8ced36b13468dfd8d98f8
  subpackages:
  - driver/bash
  - driver/cassandra
  - driver/mysql
  - driver/postgres
  - driver/sqlite3
  - file
  - migrate
  - migrate/direction
  - pipe
  - driver
- name: github.com/go-sql-driver/mysql
  version: 7ebe0a500653eeb1859664bed5e48dec1e164e73
- name: github.com/gocql/gocql
  version: 1440c609669494bcb31b1e300e8d2ef51e205dd3
  subpackages:
  - internal/lru
  - internal/murmur
  - internal/streams
- name: github.com/golang/snappy
  version: 774a97396f7bfa4165e9dcf4bfa0747ea3edcc02
- name: github.com/hailocab/go-hostpool
  version: e80d13ce29ede4452c43dea11e79b9bc8a15b478
- name: github.com/lib/pq
  version: 3cd0097429be7d611bb644ef85b42bfb102ceea4
  subpackages:
  - oid
- name: github.com/mattn/go-colorable
  version: 9cbef7c35391cca05f15f8181dc0b18bc9736dbb
  repo: https://github.com/mattn/go-colorable
- name: github.com/mattn/go-isatty
  version: 56b76bdf51f7708750eac80fa38b952bb9f32639
  repo: https://github.com/mattn/go-isatty
- name: github.com/mattn/go-sqlite3
  version: 467f50b0c026317ad28fc2c0a08aab6f755cfc7a
- name: golang.org/x/net
  version: 815d315ead425c4365077d904a2331ee9e179820
  subpackages:
  - context
- name: golang.org/x/sys
  version: f64b50fbea64174967a8882830d621a18ee1548e
  subpackages:
  - unix
- name: gopkg.in/inf.v0
  version: 3887ee99ecf07df5b447e9b00d9c0b2adaa9f3e4
- name: gopkg.in/yaml.v2
  version: a83829b6f1293c91addabc89d0571c246397bbf4
devImports: []
