hash: 3d9ced5218c62e0e044db949cdc6cab541703639ce06096fb5a6e816ddbdbe99
updated: 2017-05-01T23:23:00.087168981+03:00
imports:
- name: github.com/fatih/color
  version: 9131ab34cf20d2f6d83fdc67168a5430d1c7dc23
- name: github.com/gemnasium/migrate
  version: 0e161f43df9892cb6f29f16cdbc98b50caa12d55
  subpackages:
  - driver
  - driver/bash
  - driver/cassandra
  - driver/mysql
  - driver/postgres
  - file
  - migrate
  - migrate/direction
  - pipe
- name: github.com/go-sql-driver/mysql
  version: 147bd02c2c516cf9a8878cb75898ee8a9eea0228
- name: github.com/gocql/gocql
  version: 79434f238fe5c76efa88f8ed131adefe5b31a0d1
  subpackages:
  - internal/lru
  - internal/murmur
  - internal/streams
- name: github.com/golang/snappy
  version: 553a641470496b2327abcac10b36396bd98e45c9
- name: github.com/hailocab/go-hostpool
  version: e80d13ce29ede4452c43dea11e79b9bc8a15b478
- name: github.com/jmoiron/sqlx
  version: d9bd385d68c068f1fabb5057e3dedcbcbb039d0f
  subpackages:
  - reflectx
- name: github.com/lib/pq
  version: 2704adc878c21e1329f46f6e56a1c387d788ff94
  subpackages:
  - oid
- name: github.com/mattn/go-colorable
  version: 5411d3eea5978e6cdc258b30de592b60df6aba96
  repo: https://github.com/mattn/go-colorable
- name: github.com/mattn/go-isatty
  version: 57fdcb988a5c543893cc61bce354a6e24ab70022
  repo: https://github.com/mattn/go-isatty
- name: golang.org/x/sys
  version: e24f485414aeafb646f6fca458b0bf869c0880a1
  repo: https://go.googlesource.com/sys
  subpackages:
  - unix
- name: gopkg.in/inf.v0
  version: 3887ee99ecf07df5b447e9b00d9c0b2adaa9f3e4
- name: gopkg.in/yaml.v2
  version: cd8b52f8269e0feb286dfeef29f8fe4d5b397e0b
testImports: []
